
Microsoft Visual Studio Solution File, Format Version 12.00
# Visual Studio 14
VisualStudioVersion = 14.0.25420.1
MinimumVisualStudioVersion = 10.0.40219.1
Project("{2150E333-8FDC-42A3-9474-1A3956D46DE8}") = "Core", "Core", "{8B6D8C81-20E6-4ED5-865F-B267CF6F1FEA}"
EndProject
Project("{2150E333-8FDC-42A3-9474-1A3956D46DE8}") = "Workflow", "Workflow", "{FAA7C416-B066-474A-ADC7-919D11B36B3F}"
EndProject
Project("{FAE04EC0-301F-11D3-BF4B-00C04F79EFBC}") = "BaseEAM.Data", "..\..\BaseEAM_Cloud_WebApplication\BaseEAM\BaseEAM.Data\BaseEAM.Data.csproj", "{D9C12B1F-FBAE-4CF4-BC42-B0C2356CDCB3}"
EndProject
Project("{FAE04EC0-301F-11D3-BF4B-00C04F79EFBC}") = "BaseEAM.Core", "..\..\BaseEAM_Cloud_WebApplication\BaseEAM\BaseEAM.Core\BaseEAM.Core.csproj", "{DBC07EB8-38A4-41B5-BC1C-D88E98BE8A49}"
EndProject
Project("{FAE04EC0-301F-11D3-BF4B-00C04F79EFBC}") = "BaseEAM.Services", "..\..\BaseEAM_Cloud_WebApplication\BaseEAM\BaseEAM.Services\BaseEAM.Services.csproj", "{D05821A9-51C0-4D23-B97F-6630F2291D97}"
EndProject
Project("{FAE04EC0-301F-11D3-BF4B-00C04F79EFBC}") = "BaseEAM.WorkflowService", "BaseEAM.WorkflowService\BaseEAM.WorkflowService.csproj", "{7969FD1F-7F93-4D91-A6A5-51FBC642BFD2}"
EndProject
Project("{FAE04EC0-301F-11D3-BF4B-00C04F79EFBC}") = "BaseEAM.Workflows.Core", "BaseEAM.Workflows.Core\BaseEAM.Workflows.Core.csproj", "{409B83E0-A1C7-4CC0-A102-12973EF29211}"
EndProject
Project("{FAE04EC0-301F-11D3-BF4B-00C04F79EFBC}") = "BaseEAM.Workflows.Activities", "BaseEAM.Workflows.Activities\BaseEAM.Workflows.Activities.csproj", "{BAD3FD4E-1D57-4C50-8E7A-7DE428EFE157}"
EndProject
Project("{FAE04EC0-301F-11D3-BF4B-00C04F79EFBC}") = "BaseEAM.Workflows", "BaseEAM.Workflows\BaseEAM.Workflows.csproj", "{9FEF4FC0-84E4-419C-92D3-B9009FE34D87}"
EndProject
Project("{FAE04EC0-301F-11D3-BF4B-00C04F79EFBC}") = "BaseEAM.Workflows.Activities.Design", "BaseEAM.Workflows.Activities.Design\BaseEAM.Workflows.Activities.Design.csproj", "{FFA5C5C0-EDD9-42EA-8A7A-E568F3425BBA}"
EndProject
Project("{2150E333-8FDC-42A3-9474-1A3956D46DE8}") = "Testing", "Testing", "{F2846226-F988-4A8F-B54A-8783E6EB6614}"
EndProject
Project("{FAE04EC0-301F-11D3-BF4B-00C04F79EFBC}") = "BaseEAM.Workflow.Testing", "BaseEAM.Workflow.Testing\BaseEAM.Workflow.Testing.csproj", "{677661F6-5B21-4F96-AE78-858F56E3606A}"
EndProject
Global
	GlobalSection(SolutionConfigurationPlatforms) = preSolution
		Debug|Any CPU = Debug|Any CPU
		Release|Any CPU = Release|Any CPU
	EndGlobalSection
	GlobalSection(ProjectConfigurationPlatforms) = postSolution
		{D9C12B1F-FBAE-4CF4-BC42-B0C2356CDCB3}.Debug|Any CPU.ActiveCfg = Debug|Any CPU
		{D9C12B1F-FBAE-4CF4-BC42-B0C2356CDCB3}.Debug|Any CPU.Build.0 = Debug|Any CPU
		{D9C12B1F-FBAE-4CF4-BC42-B0C2356CDCB3}.Release|Any CPU.ActiveCfg = Release|Any CPU
		{D9C12B1F-FBAE-4CF4-BC42-B0C2356CDCB3}.Release|Any CPU.Build.0 = Release|Any CPU
		{DBC07EB8-38A4-41B5-BC1C-D88E98BE8A49}.Debug|Any CPU.ActiveCfg = Debug|Any CPU
		{DBC07EB8-38A4-41B5-BC1C-D88E98BE8A49}.Debug|Any CPU.Build.0 = Debug|Any CPU
		{DBC07EB8-38A4-41B5-BC1C-D88E98BE8A49}.Release|Any CPU.ActiveCfg = Release|Any CPU
		{DBC07EB8-38A4-41B5-BC1C-D88E98BE8A49}.Release|Any CPU.Build.0 = Release|Any CPU
		{D05821A9-51C0-4D23-B97F-6630F2291D97}.Debug|Any CPU.ActiveCfg = Debug|Any CPU
		{D05821A9-51C0-4D23-B97F-6630F2291D97}.Debug|Any CPU.Build.0 = Debug|Any CPU
		{D05821A9-51C0-4D23-B97F-6630F2291D97}.Release|Any CPU.ActiveCfg = Release|Any CPU
		{D05821A9-51C0-4D23-B97F-6630F2291D97}.Release|Any CPU.Build.0 = Release|Any CPU
		{7969FD1F-7F93-4D91-A6A5-51FBC642BFD2}.Debug|Any CPU.ActiveCfg = Debug|Any CPU
		{7969FD1F-7F93-4D91-A6A5-51FBC642BFD2}.Debug|Any CPU.Build.0 = Debug|Any CPU
		{7969FD1F-7F93-4D91-A6A5-51FBC642BFD2}.Release|Any CPU.ActiveCfg = Release|Any CPU
		{7969FD1F-7F93-4D91-A6A5-51FBC642BFD2}.Release|Any CPU.Build.0 = Release|Any CPU
		{409B83E0-A1C7-4CC0-A102-12973EF29211}.Debug|Any CPU.ActiveCfg = Debug|Any CPU
		{409B83E0-A1C7-4CC0-A102-12973EF29211}.Debug|Any CPU.Build.0 = Debug|Any CPU
		{409B83E0-A1C7-4CC0-A102-12973EF29211}.Release|Any CPU.ActiveCfg = Release|Any CPU
		{409B83E0-A1C7-4CC0-A102-12973EF29211}.Release|Any CPU.Build.0 = Release|Any CPU
		{BAD3FD4E-1D57-4C50-8E7A-7DE428EFE157}.Debug|Any CPU.ActiveCfg = Debug|Any CPU
		{BAD3FD4E-1D57-4C50-8E7A-7DE428EFE157}.Debug|Any CPU.Build.0 = Debug|Any CPU
		{BAD3FD4E-1D57-4C50-8E7A-7DE428EFE157}.Release|Any CPU.ActiveCfg = Release|Any CPU
		{BAD3FD4E-1D57-4C50-8E7A-7DE428EFE157}.Release|Any CPU.Build.0 = Release|Any CPU
		{9FEF4FC0-84E4-419C-92D3-B9009FE34D87}.Debug|Any CPU.ActiveCfg = Debug|Any CPU
		{9FEF4FC0-84E4-419C-92D3-B9009FE34D87}.Debug|Any CPU.Build.0 = Debug|Any CPU
		{9FEF4FC0-84E4-419C-92D3-B9009FE34D87}.Release|Any CPU.ActiveCfg = Release|Any CPU
		{9FEF4FC0-84E4-419C-92D3-B9009FE34D87}.Release|Any CPU.Build.0 = Release|Any CPU
		{FFA5C5C0-EDD9-42EA-8A7A-E568F3425BBA}.Debug|Any CPU.ActiveCfg = Debug|Any CPU
		{FFA5C5C0-EDD9-42EA-8A7A-E568F3425BBA}.Debug|Any CPU.Build.0 = Debug|Any CPU
		{FFA5C5C0-EDD9-42EA-8A7A-E568F3425BBA}.Release|Any CPU.ActiveCfg = Release|Any CPU
		{FFA5C5C0-EDD9-42EA-8A7A-E568F3425BBA}.Release|Any CPU.Build.0 = Release|Any CPU
		{677661F6-5B21-4F96-AE78-858F56E3606A}.Debug|Any CPU.ActiveCfg = Debug|Any CPU
		{677661F6-5B21-4F96-AE78-858F56E3606A}.Debug|Any CPU.Build.0 = Debug|Any CPU
		{677661F6-5B21-4F96-AE78-858F56E3606A}.Release|Any CPU.ActiveCfg = Release|Any CPU
		{677661F6-5B21-4F96-AE78-858F56E3606A}.Release|Any CPU.Build.0 = Release|Any CPU
	EndGlobalSection
	GlobalSection(SolutionProperties) = preSolution
		HideSolutionNode = FALSE
	EndGlobalSection
	GlobalSection(NestedProjects) = preSolution
		{D9C12B1F-FBAE-4CF4-BC42-B0C2356CDCB3} = {8B6D8C81-20E6-4ED5-865F-B267CF6F1FEA}
		{DBC07EB8-38A4-41B5-BC1C-D88E98BE8A49} = {8B6D8C81-20E6-4ED5-865F-B267CF6F1FEA}
		{D05821A9-51C0-4D23-B97F-6630F2291D97} = {8B6D8C81-20E6-4ED5-865F-B267CF6F1FEA}
		{7969FD1F-7F93-4D91-A6A5-51FBC642BFD2} = {FAA7C416-B066-474A-ADC7-919D11B36B3F}
		{409B83E0-A1C7-4CC0-A102-12973EF29211} = {FAA7C416-B066-474A-ADC7-919D11B36B3F}
		{BAD3FD4E-1D57-4C50-8E7A-7DE428EFE157} = {FAA7C416-B066-474A-ADC7-919D11B36B3F}
		{9FEF4FC0-84E4-419C-92D3-B9009FE34D87} = {FAA7C416-B066-474A-ADC7-919D11B36B3F}
		{FFA5C5C0-EDD9-42EA-8A7A-E568F3425BBA} = {FAA7C416-B066-474A-ADC7-919D11B36B3F}
		{677661F6-5B21-4F96-AE78-858F56E3606A} = {F2846226-F988-4A8F-B54A-8783E6EB6614}
	EndGlobalSection
EndGlobal
